
Microsoft Visual Studio Solution File, Format Version 12.00
Project("{FAE04EC0-301F-11D3-BF4B-00C04F79EFBC}") = "TaskTranning", "TaskTranning.csproj", "{462AF0CB-6990-4911-A70C-C1548E85FE6D}"
EndProject
Project("{FAE04EC0-301F-11D3-BF4B-00C04F79EFBC}") = "TestsXUnit", "..\TestsXUnit\TestsXUnit.csproj", "{7767C3D2-43C1-4C8B-9B18-AFDA361C93B7}"
EndProject
Global
	GlobalSection(SolutionConfigurationPlatforms) = preSolution
		Debug|Any CPU = Debug|Any CPU
		Release|Any CPU = Release|Any CPU
	EndGlobalSection
	GlobalSection(ProjectConfigurationPlatforms) = postSolution
		{462AF0CB-6990-4911-A70C-C1548E85FE6D}.Debug|Any CPU.ActiveCfg = Debug|Any CPU
		{462AF0CB-6990-4911-A70C-C1548E85FE6D}.Debug|Any CPU.Build.0 = Debug|Any CPU
		{462AF0CB-6990-4911-A70C-C1548E85FE6D}.Release|Any CPU.ActiveCfg = Release|Any CPU
		{462AF0CB-6990-4911-A70C-C1548E85FE6D}.Release|Any CPU.Build.0 = Release|Any CPU
		{7767C3D2-43C1-4C8B-9B18-AFDA361C93B7}.Debug|Any CPU.ActiveCfg = Debug|Any CPU
		{7767C3D2-43C1-4C8B-9B18-AFDA361C93B7}.Debug|Any CPU.Build.0 = Debug|Any CPU
		{7767C3D2-43C1-4C8B-9B18-AFDA361C93B7}.Release|Any CPU.ActiveCfg = Release|Any CPU
		{7767C3D2-43C1-4C8B-9B18-AFDA361C93B7}.Release|Any CPU.Build.0 = Release|Any CPU
	EndGlobalSection
EndGlobal
